
Microsoft Visual Studio Solution File, Format Version 12.00
# Visual Studio Version 17
VisualStudioVersion = 17.11.35312.102
MinimumVisualStudioVersion = 10.0.40219.1
Project("{FAE04EC0-301F-11D3-BF4B-00C04F79EFBC}") = "Estudiantes", "Estudiantes\Estudiantes.csproj", "{23DCD90B-FA7B-4ECD-AE7B-DDEE62AEA7C6}"
EndProject
Global
	GlobalSection(SolutionConfigurationPlatforms) = preSolution
		Debug|Any CPU = Debug|Any CPU
		Release|Any CPU = Release|Any CPU
	EndGlobalSection
	GlobalSection(ProjectConfigurationPlatforms) = postSolution
		{23DCD90B-FA7B-4ECD-AE7B-DDEE62AEA7C6}.Debug|Any CPU.ActiveCfg = Debug|Any CPU
		{23DCD90B-FA7B-4ECD-AE7B-DDEE62AEA7C6}.Debug|Any CPU.Build.0 = Debug|Any CPU
		{23DCD90B-FA7B-4ECD-AE7B-DDEE62AEA7C6}.Release|Any CPU.ActiveCfg = Release|Any CPU
		{23DCD90B-FA7B-4ECD-AE7B-DDEE62AEA7C6}.Release|Any CPU.Build.0 = Release|Any CPU
	EndGlobalSection
	GlobalSection(SolutionProperties) = preSolution
		HideSolutionNode = FALSE
	EndGlobalSection
	GlobalSection(ExtensibilityGlobals) = postSolution
		SolutionGuid = {5DC711FE-BC26-44A7-84D5-140EA0D89C01}
	EndGlobalSection
EndGlobal
